
Microsoft Visual Studio Solution File, Format Version 12.00
# Visual Studio 15
VisualStudioVersion = 15.0.28307.539
MinimumVisualStudioVersion = 10.0.40219.1
Project("{2150E333-8FDC-42A3-9474-1A3956D46DE8}") = "Presentation", "Presentation", "{4A48FF17-43DE-473E-ACC4-09C058AA1762}"
EndProject
Project("{FAE04EC0-301F-11D3-BF4B-00C04F79EFBC}") = "GETmerger.API", "GETmerger.API\GETmerger.API.csproj", "{C9FC5093-04CE-42AA-9FBD-086C14865641}"
EndProject
Project("{2150E333-8FDC-42A3-9474-1A3956D46DE8}") = "Application", "Application", "{F59FDFF6-8A8D-4D7F-A8B8-1BB6F70594B3}"
EndProject
Project("{FAE04EC0-301F-11D3-BF4B-00C04F79EFBC}") = "GETmerger.BLL", "GETmerger.BLL\GETmerger.BLL.csproj", "{ED299A88-EE41-44C8-ACC0-385540597DE6}"
	ProjectSection(ProjectDependencies) = postProject
		{2C86D389-46FE-4451-A841-15CD699B423A} = {2C86D389-46FE-4451-A841-15CD699B423A}
	EndProjectSection
EndProject
Project("{FAE04EC0-301F-11D3-BF4B-00C04F79EFBC}") = "GETmerger.BLL.Contracts", "GETmerger.BLL.Contracts\GETmerger.BLL.Contracts.csproj", "{03CC44FB-83FD-4BAC-9704-2C20EC9E3493}"
	ProjectSection(ProjectDependencies) = postProject
		{2C86D389-46FE-4451-A841-15CD699B423A} = {2C86D389-46FE-4451-A841-15CD699B423A}
	EndProjectSection
EndProject
Project("{FAE04EC0-301F-11D3-BF4B-00C04F79EFBC}") = "GETmerger.DI", "GETmerger.DI\GETmerger.DI.csproj", "{97159A20-032A-40D9-980C-EA192BA3725D}"
EndProject
Project("{2150E333-8FDC-42A3-9474-1A3956D46DE8}") = "Data", "Data", "{781381E2-5F7A-4F3A-96D6-360AB0B0EA4B}"
EndProject
Project("{FAE04EC0-301F-11D3-BF4B-00C04F79EFBC}") = "GETmerger.DAL", "GETmerger.DAL\GETmerger.DAL.csproj", "{290DD02F-6508-46A6-99D9-D4DAA38AFF27}"
	ProjectSection(ProjectDependencies) = postProject
		{2C86D389-46FE-4451-A841-15CD699B423A} = {2C86D389-46FE-4451-A841-15CD699B423A}
	EndProjectSection
EndProject
Project("{FAE04EC0-301F-11D3-BF4B-00C04F79EFBC}") = "GETmerger.DAL.Contracts", "GETmerger.DAL.Contracts\GETmerger.DAL.Contracts.csproj", "{3BFB986F-0989-4447-B19B-0C8B5D55FE82}"
	ProjectSection(ProjectDependencies) = postProject
		{2C86D389-46FE-4451-A841-15CD699B423A} = {2C86D389-46FE-4451-A841-15CD699B423A}
	EndProjectSection
EndProject
Project("{2150E333-8FDC-42A3-9474-1A3956D46DE8}") = "Test", "Test", "{85AFD71C-BD86-48B9-812C-2D18E9780EF0}"
EndProject
Project("{FAE04EC0-301F-11D3-BF4B-00C04F79EFBC}") = "GETmerger.Test.Integration", "GET.Rest.Test\GETmerger.Test.Integration.csproj", "{85896699-67D2-496F-A9A6-7990E7AF48FD}"
EndProject
Project("{FAE04EC0-301F-11D3-BF4B-00C04F79EFBC}") = "GETmerger.Test.Unit", "GETmerger.Test.Unit\GETmerger.Test.Unit.csproj", "{FB765886-372C-44FC-BC7D-12542AE11D1A}"
EndProject
Project("{9A19103F-16F7-4668-BE54-9A1E7A4F7556}") = "GETmerger.Core", "GETmerger.Core\GETmerger.Core.csproj", "{2C86D389-46FE-4451-A841-15CD699B423A}"
EndProject
Global
	GlobalSection(SolutionConfigurationPlatforms) = preSolution
		Debug|Any CPU = Debug|Any CPU
		Release|Any CPU = Release|Any CPU
	EndGlobalSection
	GlobalSection(ProjectConfigurationPlatforms) = postSolution
		{C9FC5093-04CE-42AA-9FBD-086C14865641}.Debug|Any CPU.ActiveCfg = Debug|Any CPU
		{C9FC5093-04CE-42AA-9FBD-086C14865641}.Debug|Any CPU.Build.0 = Debug|Any CPU
		{C9FC5093-04CE-42AA-9FBD-086C14865641}.Release|Any CPU.ActiveCfg = Release|Any CPU
		{C9FC5093-04CE-42AA-9FBD-086C14865641}.Release|Any CPU.Build.0 = Release|Any CPU
		{ED299A88-EE41-44C8-ACC0-385540597DE6}.Debug|Any CPU.ActiveCfg = Debug|Any CPU
		{ED299A88-EE41-44C8-ACC0-385540597DE6}.Debug|Any CPU.Build.0 = Debug|Any CPU
		{ED299A88-EE41-44C8-ACC0-385540597DE6}.Release|Any CPU.ActiveCfg = Release|Any CPU
		{ED299A88-EE41-44C8-ACC0-385540597DE6}.Release|Any CPU.Build.0 = Release|Any CPU
		{03CC44FB-83FD-4BAC-9704-2C20EC9E3493}.Debug|Any CPU.ActiveCfg = Debug|Any CPU
		{03CC44FB-83FD-4BAC-9704-2C20EC9E3493}.Debug|Any CPU.Build.0 = Debug|Any CPU
		{03CC44FB-83FD-4BAC-9704-2C20EC9E3493}.Release|Any CPU.ActiveCfg = Release|Any CPU
		{03CC44FB-83FD-4BAC-9704-2C20EC9E3493}.Release|Any CPU.Build.0 = Release|Any CPU
		{97159A20-032A-40D9-980C-EA192BA3725D}.Debug|Any CPU.ActiveCfg = Debug|Any CPU
		{97159A20-032A-40D9-980C-EA192BA3725D}.Debug|Any CPU.Build.0 = Debug|Any CPU
		{97159A20-032A-40D9-980C-EA192BA3725D}.Release|Any CPU.ActiveCfg = Release|Any CPU
		{97159A20-032A-40D9-980C-EA192BA3725D}.Release|Any CPU.Build.0 = Release|Any CPU
		{290DD02F-6508-46A6-99D9-D4DAA38AFF27}.Debug|Any CPU.ActiveCfg = Debug|Any CPU
		{290DD02F-6508-46A6-99D9-D4DAA38AFF27}.Debug|Any CPU.Build.0 = Debug|Any CPU
		{290DD02F-6508-46A6-99D9-D4DAA38AFF27}.Release|Any CPU.ActiveCfg = Release|Any CPU
		{290DD02F-6508-46A6-99D9-D4DAA38AFF27}.Release|Any CPU.Build.0 = Release|Any CPU
		{3BFB986F-0989-4447-B19B-0C8B5D55FE82}.Debug|Any CPU.ActiveCfg = Debug|Any CPU
		{3BFB986F-0989-4447-B19B-0C8B5D55FE82}.Debug|Any CPU.Build.0 = Debug|Any CPU
		{3BFB986F-0989-4447-B19B-0C8B5D55FE82}.Release|Any CPU.ActiveCfg = Release|Any CPU
		{3BFB986F-0989-4447-B19B-0C8B5D55FE82}.Release|Any CPU.Build.0 = Release|Any CPU
		{85896699-67D2-496F-A9A6-7990E7AF48FD}.Debug|Any CPU.ActiveCfg = Debug|Any CPU
		{85896699-67D2-496F-A9A6-7990E7AF48FD}.Debug|Any CPU.Build.0 = Debug|Any CPU
		{85896699-67D2-496F-A9A6-7990E7AF48FD}.Release|Any CPU.ActiveCfg = Release|Any CPU
		{85896699-67D2-496F-A9A6-7990E7AF48FD}.Release|Any CPU.Build.0 = Release|Any CPU
		{FB765886-372C-44FC-BC7D-12542AE11D1A}.Debug|Any CPU.ActiveCfg = Debug|Any CPU
		{FB765886-372C-44FC-BC7D-12542AE11D1A}.Debug|Any CPU.Build.0 = Debug|Any CPU
		{FB765886-372C-44FC-BC7D-12542AE11D1A}.Release|Any CPU.ActiveCfg = Release|Any CPU
		{FB765886-372C-44FC-BC7D-12542AE11D1A}.Release|Any CPU.Build.0 = Release|Any CPU
		{2C86D389-46FE-4451-A841-15CD699B423A}.Debug|Any CPU.ActiveCfg = Debug|Any CPU
		{2C86D389-46FE-4451-A841-15CD699B423A}.Debug|Any CPU.Build.0 = Debug|Any CPU
		{2C86D389-46FE-4451-A841-15CD699B423A}.Release|Any CPU.ActiveCfg = Release|Any CPU
		{2C86D389-46FE-4451-A841-15CD699B423A}.Release|Any CPU.Build.0 = Release|Any CPU
	EndGlobalSection
	GlobalSection(SolutionProperties) = preSolution
		HideSolutionNode = FALSE
	EndGlobalSection
	GlobalSection(NestedProjects) = preSolution
		{C9FC5093-04CE-42AA-9FBD-086C14865641} = {4A48FF17-43DE-473E-ACC4-09C058AA1762}
		{ED299A88-EE41-44C8-ACC0-385540597DE6} = {F59FDFF6-8A8D-4D7F-A8B8-1BB6F70594B3}
		{03CC44FB-83FD-4BAC-9704-2C20EC9E3493} = {F59FDFF6-8A8D-4D7F-A8B8-1BB6F70594B3}
		{97159A20-032A-40D9-980C-EA192BA3725D} = {4A48FF17-43DE-473E-ACC4-09C058AA1762}
		{290DD02F-6508-46A6-99D9-D4DAA38AFF27} = {781381E2-5F7A-4F3A-96D6-360AB0B0EA4B}
		{3BFB986F-0989-4447-B19B-0C8B5D55FE82} = {781381E2-5F7A-4F3A-96D6-360AB0B0EA4B}
		{85896699-67D2-496F-A9A6-7990E7AF48FD} = {85AFD71C-BD86-48B9-812C-2D18E9780EF0}
		{FB765886-372C-44FC-BC7D-12542AE11D1A} = {85AFD71C-BD86-48B9-812C-2D18E9780EF0}
	EndGlobalSection
	GlobalSection(ExtensibilityGlobals) = postSolution
		SolutionGuid = {60FA2B1A-F4C1-4FCE-8A41-6047B3F77698}
	EndGlobalSection
EndGlobal
